// !$*UTF8*$!
{
	archiveVersion = 1;
	classes = {
	};
	objectVersion = 56;
	objects = {

/* Begin PBXBuildFile section */
		6B5DBF8A2A0E4195006C5164 /* Lockscreen_WidgetsApp.swift in Sources */ = {isa = PBXBuildFile; fileRef = 6B5DBF892A0E4195006C5164 /* Lockscreen_WidgetsApp.swift */; };
		6B5DBF8C2A0E4195006C5164 /* ContentView.swift in Sources */ = {isa = PBXBuildFile; fileRef = 6B5DBF8B2A0E4195006C5164 /* ContentView.swift */; };
		6B5DBF8E2A0E4197006C5164 /* Assets.xcassets in Resources */ = {isa = PBXBuildFile; fileRef = 6B5DBF8D2A0E4197006C5164 /* Assets.xcassets */; };
		6B5DBF912A0E4197006C5164 /* Preview Assets.xcassets in Resources */ = {isa = PBXBuildFile; fileRef = 6B5DBF902A0E4197006C5164 /* Preview Assets.xcassets */; };
		6B5DBF9E2A0E41E6006C5164 /* WidgetKit.framework in Frameworks */ = {isa = PBXBuildFile; fileRef = 6B5DBF9D2A0E41E6006C5164 /* WidgetKit.framework */; };
		6B5DBFA02A0E41E6006C5164 /* SwiftUI.framework in Frameworks */ = {isa = PBXBuildFile; fileRef = 6B5DBF9F2A0E41E6006C5164 /* SwiftUI.framework */; };
		6B5DBFA32A0E41E6006C5164 /* Lockscreen_WidgetsBundle.swift in Sources */ = {isa = PBXBuildFile; fileRef = 6B5DBFA22A0E41E6006C5164 /* Lockscreen_WidgetsBundle.swift */; };
		6B5DBFA52A0E41E6006C5164 /* Lockscreen_WidgetsLiveActivity.swift in Sources */ = {isa = PBXBuildFile; fileRef = 6B5DBFA42A0E41E6006C5164 /* Lockscreen_WidgetsLiveActivity.swift */; };
		6B5DBFA72A0E41E6006C5164 /* Lockscreen_Widgets.swift in Sources */ = {isa = PBXBuildFile; fileRef = 6B5DBFA62A0E41E6006C5164 /* Lockscreen_Widgets.swift */; };
		6B5DBFAA2A0E41E8006C5164 /* Assets.xcassets in Resources */ = {isa = PBXBuildFile; fileRef = 6B5DBFA92A0E41E8006C5164 /* Assets.xcassets */; };
		6B5DBFAC2A0E41E8006C5164 /* Lockscreen_Widgets.intentdefinition in Sources */ = {isa = PBXBuildFile; fileRef = 6B5DBFA82A0E41E6006C5164 /* Lockscreen_Widgets.intentdefinition */; };
		6B5DBFAD2A0E41E8006C5164 /* Lockscreen_Widgets.intentdefinition in Sources */ = {isa = PBXBuildFile; fileRef = 6B5DBFA82A0E41E6006C5164 /* Lockscreen_Widgets.intentdefinition */; };
		6B5DBFB02A0E41E8006C5164 /* Lockscreen WidgetsExtension.appex in Embed Foundation Extensions */ = {isa = PBXBuildFile; fileRef = 6B5DBF9B2A0E41E6006C5164 /* Lockscreen WidgetsExtension.appex */; settings = {ATTRIBUTES = (RemoveHeadersOnCopy, ); }; };
		6B5DBFB72A0E46C5006C5164 /* AstroModels.swift in Sources */ = {isa = PBXBuildFile; fileRef = 6B5DBFB62A0E46C5006C5164 /* AstroModels.swift */; };
/* End PBXBuildFile section */

/* Begin PBXContainerItemProxy section */
		6B5DBFAE2A0E41E8006C5164 /* PBXContainerItemProxy */ = {
			isa = PBXContainerItemProxy;
			containerPortal = 6B5DBF7E2A0E4195006C5164 /* Project object */;
			proxyType = 1;
			remoteGlobalIDString = 6B5DBF9A2A0E41E6006C5164;
			remoteInfo = "Lockscreen WidgetsExtension";
		};
/* End PBXContainerItemProxy section */

/* Begin PBXCopyFilesBuildPhase section */
		6B5DBFB42A0E41E8006C5164 /* Embed Foundation Extensions */ = {
			isa = PBXCopyFilesBuildPhase;
			buildActionMask = 2147483647;
			dstPath = "";
			dstSubfolderSpec = 13;
			files = (
				6B5DBFB02A0E41E8006C5164 /* Lockscreen WidgetsExtension.appex in Embed Foundation Extensions */,
			);
			name = "Embed Foundation Extensions";
			runOnlyForDeploymentPostprocessing = 0;
		};
/* End PBXCopyFilesBuildPhase section */

/* Begin PBXFileReference section */
		6B5DBF862A0E4195006C5164 /* Lockscreen-Widgets.app */ = {isa = PBXFileReference; explicitFileType = wrapper.application; includeInIndex = 0; path = "Lockscreen-Widgets.app"; sourceTree = BUILT_PRODUCTS_DIR; };
		6B5DBF892A0E4195006C5164 /* Lockscreen_WidgetsApp.swift */ = {isa = PBXFileReference; lastKnownFileType = sourcecode.swift; path = Lockscreen_WidgetsApp.swift; sourceTree = "<group>"; };
		6B5DBF8B2A0E4195006C5164 /* ContentView.swift */ = {isa = PBXFileReference; lastKnownFileType = sourcecode.swift; path = ContentView.swift; sourceTree = "<group>"; };
		6B5DBF8D2A0E4197006C5164 /* Assets.xcassets */ = {isa = PBXFileReference; lastKnownFileType = folder.assetcatalog; path = Assets.xcassets; sourceTree = "<group>"; };
		6B5DBF902A0E4197006C5164 /* Preview Assets.xcassets */ = {isa = PBXFileReference; lastKnownFileType = folder.assetcatalog; path = "Preview Assets.xcassets"; sourceTree = "<group>"; };
		6B5DBF9B2A0E41E6006C5164 /* Lockscreen WidgetsExtension.appex */ = {isa = PBXFileReference; explicitFileType = "wrapper.app-extension"; includeInIndex = 0; path = "Lockscreen WidgetsExtension.appex"; sourceTree = BUILT_PRODUCTS_DIR; };
		6B5DBF9D2A0E41E6006C5164 /* WidgetKit.framework */ = {isa = PBXFileReference; lastKnownFileType = wrapper.framework; name = WidgetKit.framework; path = System/Library/Frameworks/WidgetKit.framework; sourceTree = SDKROOT; };
		6B5DBF9F2A0E41E6006C5164 /* SwiftUI.framework */ = {isa = PBXFileReference; lastKnownFileType = wrapper.framework; name = SwiftUI.framework; path = System/Library/Frameworks/SwiftUI.framework; sourceTree = SDKROOT; };
		6B5DBFA22A0E41E6006C5164 /* Lockscreen_WidgetsBundle.swift */ = {isa = PBXFileReference; lastKnownFileType = sourcecode.swift; path = Lockscreen_WidgetsBundle.swift; sourceTree = "<group>"; };
		6B5DBFA42A0E41E6006C5164 /* Lockscreen_WidgetsLiveActivity.swift */ = {isa = PBXFileReference; lastKnownFileType = sourcecode.swift; path = Lockscreen_WidgetsLiveActivity.swift; sourceTree = "<group>"; };
		6B5DBFA62A0E41E6006C5164 /* Lockscreen_Widgets.swift */ = {isa = PBXFileReference; lastKnownFileType = sourcecode.swift; path = Lockscreen_Widgets.swift; sourceTree = "<group>"; };
		6B5DBFA82A0E41E6006C5164 /* Lockscreen_Widgets.intentdefinition */ = {isa = PBXFileReference; lastKnownFileType = file.intentdefinition; path = Lockscreen_Widgets.intentdefinition; sourceTree = "<group>"; };
		6B5DBFA92A0E41E8006C5164 /* Assets.xcassets */ = {isa = PBXFileReference; lastKnownFileType = folder.assetcatalog; path = Assets.xcassets; sourceTree = "<group>"; };
		6B5DBFAB2A0E41E8006C5164 /* Info.plist */ = {isa = PBXFileReference; lastKnownFileType = text.plist.xml; path = Info.plist; sourceTree = "<group>"; };
		6B5DBFB62A0E46C5006C5164 /* AstroModels.swift */ = {isa = PBXFileReference; lastKnownFileType = sourcecode.swift; path = AstroModels.swift; sourceTree = "<group>"; };
/* End PBXFileReference section */

/* Begin PBXFrameworksBuildPhase section */
		6B5DBF832A0E4195006C5164 /* Frameworks */ = {
			isa = PBXFrameworksBuildPhase;
			buildActionMask = 2147483647;
			files = (
			);
			runOnlyForDeploymentPostprocessing = 0;
		};
		6B5DBF982A0E41E6006C5164 /* Frameworks */ = {
			isa = PBXFrameworksBuildPhase;
			buildActionMask = 2147483647;
			files = (
				6B5DBFA02A0E41E6006C5164 /* SwiftUI.framework in Frameworks */,
				6B5DBF9E2A0E41E6006C5164 /* WidgetKit.framework in Frameworks */,
			);
			runOnlyForDeploymentPostprocessing = 0;
		};
/* End PBXFrameworksBuildPhase section */

/* Begin PBXGroup section */
		6B5DBF7D2A0E4195006C5164 = {
			isa = PBXGroup;
			children = (
				6B5DBFB52A0E46A2006C5164 /* Models */,
				6B5DBF882A0E4195006C5164 /* Lockscreen-Widgets */,
				6B5DBFA12A0E41E6006C5164 /* Lockscreen Widgets */,
				6B5DBF9C2A0E41E6006C5164 /* Frameworks */,
				6B5DBF872A0E4195006C5164 /* Products */,
			);
			sourceTree = "<group>";
		};
		6B5DBF872A0E4195006C5164 /* Products */ = {
			isa = PBXGroup;
			children = (
				6B5DBF862A0E4195006C5164 /* Lockscreen-Widgets.app */,
				6B5DBF9B2A0E41E6006C5164 /* Lockscreen WidgetsExtension.appex */,
			);
			name = Products;
			sourceTree = "<group>";
		};
		6B5DBF882A0E4195006C5164 /* Lockscreen-Widgets */ = {
			isa = PBXGroup;
			children = (
				6B5DBF892A0E4195006C5164 /* Lockscreen_WidgetsApp.swift */,
				6B5DBF8B2A0E4195006C5164 /* ContentView.swift */,
				6B5DBF8D2A0E4197006C5164 /* Assets.xcassets */,
				6B5DBF8F2A0E4197006C5164 /* Preview Content */,
			);
			path = "Lockscreen-Widgets";
			sourceTree = "<group>";
		};
		6B5DBF8F2A0E4197006C5164 /* Preview Content */ = {
			isa = PBXGroup;
			children = (
				6B5DBF902A0E4197006C5164 /* Preview Assets.xcassets */,
			);
			path = "Preview Content";
			sourceTree = "<group>";
		};
		6B5DBF9C2A0E41E6006C5164 /* Frameworks */ = {
			isa = PBXGroup;
			children = (
				6B5DBF9D2A0E41E6006C5164 /* WidgetKit.framework */,
				6B5DBF9F2A0E41E6006C5164 /* SwiftUI.framework */,
			);
			name = Frameworks;
			sourceTree = "<group>";
		};
		6B5DBFA12A0E41E6006C5164 /* Lockscreen Widgets */ = {
			isa = PBXGroup;
			children = (
				6B5DBFA22A0E41E6006C5164 /* Lockscreen_WidgetsBundle.swift */,
				6B5DBFA42A0E41E6006C5164 /* Lockscreen_WidgetsLiveActivity.swift */,
				6B5DBFA62A0E41E6006C5164 /* Lockscreen_Widgets.swift */,
				6B5DBFA82A0E41E6006C5164 /* Lockscreen_Widgets.intentdefinition */,
				6B5DBFA92A0E41E8006C5164 /* Assets.xcassets */,
				6B5DBFAB2A0E41E8006C5164 /* Info.plist */,
			);
			path = "Lockscreen Widgets";
			sourceTree = "<group>";
		};
		6B5DBFB52A0E46A2006C5164 /* Models */ = {
			isa = PBXGroup;
			children = (
				6B5DBFB62A0E46C5006C5164 /* AstroModels.swift */,
			);
			path = Models;
			sourceTree = "<group>";
		};
/* End PBXGroup section */

/* Begin PBXNativeTarget section */
		6B5DBF852A0E4195006C5164 /* Lockscreen-Widgets */ = {
			isa = PBXNativeTarget;
			buildConfigurationList = 6B5DBF942A0E4197006C5164 /* Build configuration list for PBXNativeTarget "Lockscreen-Widgets" */;
			buildPhases = (
				6B5DBF822A0E4195006C5164 /* Sources */,
				6B5DBF832A0E4195006C5164 /* Frameworks */,
				6B5DBF842A0E4195006C5164 /* Resources */,
				6B5DBFB42A0E41E8006C5164 /* Embed Foundation Extensions */,
			);
			buildRules = (
			);
			dependencies = (
				6B5DBFAF2A0E41E8006C5164 /* PBXTargetDependency */,
			);
			name = "Lockscreen-Widgets";
			productName = "Lockscreen-Widgets";
			productReference = 6B5DBF862A0E4195006C5164 /* Lockscreen-Widgets.app */;
			productType = "com.apple.product-type.application";
		};
		6B5DBF9A2A0E41E6006C5164 /* Lockscreen WidgetsExtension */ = {
			isa = PBXNativeTarget;
			buildConfigurationList = 6B5DBFB12A0E41E8006C5164 /* Build configuration list for PBXNativeTarget "Lockscreen WidgetsExtension" */;
			buildPhases = (
				6B5DBF972A0E41E6006C5164 /* Sources */,
				6B5DBF982A0E41E6006C5164 /* Frameworks */,
				6B5DBF992A0E41E6006C5164 /* Resources */,
			);
			buildRules = (
			);
			dependencies = (
			);
			name = "Lockscreen WidgetsExtension";
			productName = "Lockscreen WidgetsExtension";
			productReference = 6B5DBF9B2A0E41E6006C5164 /* Lockscreen WidgetsExtension.appex */;
			productType = "com.apple.product-type.app-extension";
		};
/* End PBXNativeTarget section */

/* Begin PBXProject section */
		6B5DBF7E2A0E4195006C5164 /* Project object */ = {
			isa = PBXProject;
			attributes = {
				BuildIndependentTargetsInParallel = 1;
				LastSwiftUpdateCheck = 1430;
				LastUpgradeCheck = 1430;
				TargetAttributes = {
					6B5DBF852A0E4195006C5164 = {
						CreatedOnToolsVersion = 14.3;
					};
					6B5DBF9A2A0E41E6006C5164 = {
						CreatedOnToolsVersion = 14.3;
					};
				};
			};
			buildConfigurationList = 6B5DBF812A0E4195006C5164 /* Build configuration list for PBXProject "Lockscreen-Widgets" */;
			compatibilityVersion = "Xcode 14.0";
			developmentRegion = en;
			hasScannedForEncodings = 0;
			knownRegions = (
				en,
				Base,
			);
			mainGroup = 6B5DBF7D2A0E4195006C5164;
			productRefGroup = 6B5DBF872A0E4195006C5164 /* Products */;
			projectDirPath = "";
			projectRoot = "";
			targets = (
				6B5DBF852A0E4195006C5164 /* Lockscreen-Widgets */,
				6B5DBF9A2A0E41E6006C5164 /* Lockscreen WidgetsExtension */,
			);
		};
/* End PBXProject section */

/* Begin PBXResourcesBuildPhase section */
		6B5DBF842A0E4195006C5164 /* Resources */ = {
			isa = PBXResourcesBuildPhase;
			buildActionMask = 2147483647;
			files = (
				6B5DBF912A0E4197006C5164 /* Preview Assets.xcassets in Resources */,
				6B5DBF8E2A0E4197006C5164 /* Assets.xcassets in Resources */,
			);
			runOnlyForDeploymentPostprocessing = 0;
		};
		6B5DBF992A0E41E6006C5164 /* Resources */ = {
			isa = PBXResourcesBuildPhase;
			buildActionMask = 2147483647;
			files = (
				6B5DBFAA2A0E41E8006C5164 /* Assets.xcassets in Resources */,
			);
			runOnlyForDeploymentPostprocessing = 0;
		};
/* End PBXResourcesBuildPhase section */

/* Begin PBXSourcesBuildPhase section */
		6B5DBF822A0E4195006C5164 /* Sources */ = {
			isa = PBXSourcesBuildPhase;
			buildActionMask = 2147483647;
			files = (
				6B5DBF8C2A0E4195006C5164 /* ContentView.swift in Sources */,
				6B5DBFB72A0E46C5006C5164 /* AstroModels.swift in Sources */,
				6B5DBF8A2A0E4195006C5164 /* Lockscreen_WidgetsApp.swift in Sources */,
				6B5DBFAD2A0E41E8006C5164 /* Lockscreen_Widgets.intentdefinition in Sources */,
			);
			runOnlyForDeploymentPostprocessing = 0;
		};
		6B5DBF972A0E41E6006C5164 /* Sources */ = {
			isa = PBXSourcesBuildPhase;
			buildActionMask = 2147483647;
			files = (
				6B5DBFA32A0E41E6006C5164 /* Lockscreen_WidgetsBundle.swift in Sources */,
				6B5DBFA72A0E41E6006C5164 /* Lockscreen_Widgets.swift in Sources */,
				6B5DBFA52A0E41E6006C5164 /* Lockscreen_WidgetsLiveActivity.swift in Sources */,
				6B5DBFAC2A0E41E8006C5164 /* Lockscreen_Widgets.intentdefinition in Sources */,
			);
			runOnlyForDeploymentPostprocessing = 0;
		};
/* End PBXSourcesBuildPhase section */

/* Begin PBXTargetDependency section */
		6B5DBFAF2A0E41E8006C5164 /* PBXTargetDependency */ = {
			isa = PBXTargetDependency;
			target = 6B5DBF9A2A0E41E6006C5164 /* Lockscreen WidgetsExtension */;
			targetProxy = 6B5DBFAE2A0E41E8006C5164 /* PBXContainerItemProxy */;
		};
/* End PBXTargetDependency section */

/* Begin XCBuildConfiguration section */
		6B5DBF922A0E4197006C5164 /* Debug */ = {
			isa = XCBuildConfiguration;
			buildSettings = {
				ALWAYS_SEARCH_USER_PATHS = NO;
				CLANG_ANALYZER_NONNULL = YES;
				CLANG_ANALYZER_NUMBER_OBJECT_CONVERSION = YES_AGGRESSIVE;
				CLANG_CXX_LANGUAGE_STANDARD = "gnu++20";
				CLANG_ENABLE_MODULES = YES;
				CLANG_ENABLE_OBJC_ARC = YES;
				CLANG_ENABLE_OBJC_WEAK = YES;
				CLANG_WARN_BLOCK_CAPTURE_AUTORELEASING = YES;
				CLANG_WARN_BOOL_CONVERSION = YES;
				CLANG_WARN_COMMA = YES;
				CLANG_WARN_CONSTANT_CONVERSION = YES;
				CLANG_WARN_DEPRECATED_OBJC_IMPLEMENTATIONS = YES;
				CLANG_WARN_DIRECT_OBJC_ISA_USAGE = YES_ERROR;
				CLANG_WARN_DOCUMENTATION_COMMENTS = YES;
				CLANG_WARN_EMPTY_BODY = YES;
				CLANG_WARN_ENUM_CONVERSION = YES;
				CLANG_WARN_INFINITE_RECURSION = YES;
				CLANG_WARN_INT_CONVERSION = YES;
				CLANG_WARN_NON_LITERAL_NULL_CONVERSION = YES;
				CLANG_WARN_OBJC_IMPLICIT_RETAIN_SELF = YES;
				CLANG_WARN_OBJC_LITERAL_CONVERSION = YES;
				CLANG_WARN_OBJC_ROOT_CLASS = YES_ERROR;
				CLANG_WARN_QUOTED_INCLUDE_IN_FRAMEWORK_HEADER = YES;
				CLANG_WARN_RANGE_LOOP_ANALYSIS = YES;
				CLANG_WARN_STRICT_PROTOTYPES = YES;
				CLANG_WARN_SUSPICIOUS_MOVE = YES;
				CLANG_WARN_UNGUARDED_AVAILABILITY = YES_AGGRESSIVE;
				CLANG_WARN_UNREACHABLE_CODE = YES;
				CLANG_WARN__DUPLICATE_METHOD_MATCH = YES;
				COPY_PHASE_STRIP = NO;
				DEBUG_INFORMATION_FORMAT = dwarf;
				ENABLE_STRICT_OBJC_MSGSEND = YES;
				ENABLE_TESTABILITY = YES;
				GCC_C_LANGUAGE_STANDARD = gnu11;
				GCC_DYNAMIC_NO_PIC = NO;
				GCC_NO_COMMON_BLOCKS = YES;
				GCC_OPTIMIZATION_LEVEL = 0;
				GCC_PREPROCESSOR_DEFINITIONS = (
					"DEBUG=1",
					"$(inherited)",
				);
				GCC_WARN_64_TO_32_BIT_CONVERSION = YES;
				GCC_WARN_ABOUT_RETURN_TYPE = YES_ERROR;
				GCC_WARN_UNDECLARED_SELECTOR = YES;
				GCC_WARN_UNINITIALIZED_AUTOS = YES_AGGRESSIVE;
				GCC_WARN_UNUSED_FUNCTION = YES;
				GCC_WARN_UNUSED_VARIABLE = YES;
				IPHONEOS_DEPLOYMENT_TARGET = 16.4;
				MTL_ENABLE_DEBUG_INFO = INCLUDE_SOURCE;
				MTL_FAST_MATH = YES;
				ONLY_ACTIVE_ARCH = YES;
				SDKROOT = iphoneos;
				SWIFT_ACTIVE_COMPILATION_CONDITIONS = DEBUG;
				SWIFT_OPTIMIZATION_LEVEL = "-Onone";
			};
			name = Debug;
		};
		6B5DBF932A0E4197006C5164 /* Release */ = {
			isa = XCBuildConfiguration;
			buildSettings = {
				ALWAYS_SEARCH_USER_PATHS = NO;
				CLANG_ANALYZER_NONNULL = YES;
				CLANG_ANALYZER_NUMBER_OBJECT_CONVERSION = YES_AGGRESSIVE;
				CLANG_CXX_LANGUAGE_STANDARD = "gnu++20";
				CLANG_ENABLE_MODULES = YES;
				CLANG_ENABLE_OBJC_ARC = YES;
				CLANG_ENABLE_OBJC_WEAK = YES;
				CLANG_WARN_BLOCK_CAPTURE_AUTORELEASING = YES;
				CLANG_WARN_BOOL_CONVERSION = YES;
				CLANG_WARN_COMMA = YES;
				CLANG_WARN_CONSTANT_CONVERSION = YES;
				CLANG_WARN_DEPRECATED_OBJC_IMPLEMENTATIONS = YES;
				CLANG_WARN_DIRECT_OBJC_ISA_USAGE = YES_ERROR;
				CLANG_WARN_DOCUMENTATION_COMMENTS = YES;
				CLANG_WARN_EMPTY_BODY = YES;
				CLANG_WARN_ENUM_CONVERSION = YES;
				CLANG_WARN_INFINITE_RECURSION = YES;
				CLANG_WARN_INT_CONVERSION = YES;
				CLANG_WARN_NON_LITERAL_NULL_CONVERSION = YES;
				CLANG_WARN_OBJC_IMPLICIT_RETAIN_SELF = YES;
				CLANG_WARN_OBJC_LITERAL_CONVERSION = YES;
				CLANG_WARN_OBJC_ROOT_CLASS = YES_ERROR;
				CLANG_WARN_QUOTED_INCLUDE_IN_FRAMEWORK_HEADER = YES;
				CLANG_WARN_RANGE_LOOP_ANALYSIS = YES;
				CLANG_WARN_STRICT_PROTOTYPES = YES;
				CLANG_WARN_SUSPICIOUS_MOVE = YES;
				CLANG_WARN_UNGUARDED_AVAILABILITY = YES_AGGRESSIVE;
				CLANG_WARN_UNREACHABLE_CODE = YES;
				CLANG_WARN__DUPLICATE_METHOD_MATCH = YES;
				COPY_PHASE_STRIP = NO;
				DEBUG_INFORMATION_FORMAT = "dwarf-with-dsym";
				ENABLE_NS_ASSERTIONS = NO;
				ENABLE_STRICT_OBJC_MSGSEND = YES;
				GCC_C_LANGUAGE_STANDARD = gnu11;
				GCC_NO_COMMON_BLOCKS = YES;
				GCC_WARN_64_TO_32_BIT_CONVERSION = YES;
				GCC_WARN_ABOUT_RETURN_TYPE = YES_ERROR;
				GCC_WARN_UNDECLARED_SELECTOR = YES;
				GCC_WARN_UNINITIALIZED_AUTOS = YES_AGGRESSIVE;
				GCC_WARN_UNUSED_FUNCTION = YES;
				GCC_WARN_UNUSED_VARIABLE = YES;
				IPHONEOS_DEPLOYMENT_TARGET = 16.4;
				MTL_ENABLE_DEBUG_INFO = NO;
				MTL_FAST_MATH = YES;
				SDKROOT = iphoneos;
				SWIFT_COMPILATION_MODE = wholemodule;
				SWIFT_OPTIMIZATION_LEVEL = "-O";
				VALIDATE_PRODUCT = YES;
			};
			name = Release;
		};
		6B5DBF952A0E4197006C5164 /* Debug */ = {
			isa = XCBuildConfiguration;
			buildSettings = {
				ALWAYS_EMBED_SWIFT_STANDARD_LIBRARIES = YES;
				ASSETCATALOG_COMPILER_APPICON_NAME = AppIcon;
				ASSETCATALOG_COMPILER_GLOBAL_ACCENT_COLOR_NAME = AccentColor;
				CODE_SIGN_STYLE = Automatic;
				CURRENT_PROJECT_VERSION = 1;
				DEVELOPMENT_ASSET_PATHS = "\"Lockscreen-Widgets/Preview Content\"";
				DEVELOPMENT_TEAM = X65YSL5XMT;
				ENABLE_PREVIEWS = YES;
				GENERATE_INFOPLIST_FILE = YES;
				INFOPLIST_KEY_UIApplicationSceneManifest_Generation = YES;
				INFOPLIST_KEY_UIApplicationSupportsIndirectInputEvents = YES;
				INFOPLIST_KEY_UILaunchScreen_Generation = YES;
				INFOPLIST_KEY_UISupportedInterfaceOrientations_iPad = "UIInterfaceOrientationPortrait UIInterfaceOrientationPortraitUpsideDown UIInterfaceOrientationLandscapeLeft UIInterfaceOrientationLandscapeRight";
				INFOPLIST_KEY_UISupportedInterfaceOrientations_iPhone = "UIInterfaceOrientationPortrait UIInterfaceOrientationLandscapeLeft UIInterfaceOrientationLandscapeRight";
				LD_RUNPATH_SEARCH_PATHS = (
					"$(inherited)",
					"@executable_path/Frameworks",
				);
				MARKETING_VERSION = 1.0;
				PRODUCT_BUNDLE_IDENTIFIER = "bogrim.Lockscreen-Widgets";
				PRODUCT_NAME = "$(TARGET_NAME)";
				SWIFT_EMIT_LOC_STRINGS = YES;
				SWIFT_VERSION = 5.0;
				TARGETED_DEVICE_FAMILY = "1,2";
			};
			name = Debug;
		};
		6B5DBF962A0E4197006C5164 /* Release */ = {
			isa = XCBuildConfiguration;
			buildSettings = {
				ALWAYS_EMBED_SWIFT_STANDARD_LIBRARIES = YES;
				ASSETCATALOG_COMPILER_APPICON_NAME = AppIcon;
				ASSETCATALOG_COMPILER_GLOBAL_ACCENT_COLOR_NAME = AccentColor;
				CODE_SIGN_STYLE = Automatic;
				CURRENT_PROJECT_VERSION = 1;
				DEVELOPMENT_ASSET_PATHS = "\"Lockscreen-Widgets/Preview Content\"";
				DEVELOPMENT_TEAM = X65YSL5XMT;
				ENABLE_PREVIEWS = YES;
				GENERATE_INFOPLIST_FILE = YES;
				INFOPLIST_KEY_UIApplicationSceneManifest_Generation = YES;
				INFOPLIST_KEY_UIApplicationSupportsIndirectInputEvents = YES;
				INFOPLIST_KEY_UILaunchScreen_Generation = YES;
				INFOPLIST_KEY_UISupportedInterfaceOrientations_iPad = "UIInterfaceOrientationPortrait UIInterfaceOrientationPortraitUpsideDown UIInterfaceOrientationLandscapeLeft UIInterfaceOrientationLandscapeRight";
				INFOPLIST_KEY_UISupportedInterfaceOrientations_iPhone = "UIInterfaceOrientationPortrait UIInterfaceOrientationLandscapeLeft UIInterfaceOrientationLandscapeRight";
				LD_RUNPATH_SEARCH_PATHS = (
					"$(inherited)",
					"@executable_path/Frameworks",
				);
				MARKETING_VERSION = 1.0;
				PRODUCT_BUNDLE_IDENTIFIER = "bogrim.Lockscreen-Widgets";
				PRODUCT_NAME = "$(TARGET_NAME)";
				SWIFT_EMIT_LOC_STRINGS = YES;
				SWIFT_VERSION = 5.0;
				TARGETED_DEVICE_FAMILY = "1,2";
			};
			name = Release;
		};
		6B5DBFB22A0E41E8006C5164 /* Debug */ = {
			isa = XCBuildConfiguration;
			buildSettings = {
				ASSETCATALOG_COMPILER_GLOBAL_ACCENT_COLOR_NAME = AccentColor;
				ASSETCATALOG_COMPILER_WIDGET_BACKGROUND_COLOR_NAME = WidgetBackground;
				CODE_SIGN_STYLE = Automatic;
				CURRENT_PROJECT_VERSION = 1;
				DEVELOPMENT_TEAM = X65YSL5XMT;
				GENERATE_INFOPLIST_FILE = YES;
				INFOPLIST_FILE = "Lockscreen Widgets/Info.plist";
				INFOPLIST_KEY_CFBundleDisplayName = "Lockscreen Widgets";
				INFOPLIST_KEY_NSHumanReadableCopyright = "";
				LD_RUNPATH_SEARCH_PATHS = (
					"$(inherited)",
					"@executable_path/Frameworks",
					"@executable_path/../../Frameworks",
				);
				MARKETING_VERSION = 1.0;
				PRODUCT_BUNDLE_IDENTIFIER = "bogrim.Lockscreen-Widgets.Lockscreen-Widgets";
				PRODUCT_NAME = "$(TARGET_NAME)";
				SKIP_INSTALL = YES;
				SWIFT_EMIT_LOC_STRINGS = YES;
				SWIFT_VERSION = 5.0;
				TARGETED_DEVICE_FAMILY = "1,2";
			};
			name = Debug;
		};
		6B5DBFB32A0E41E8006C5164 /* Release */ = {
			isa = XCBuildConfiguration;
			buildSettings = {
				ASSETCATALOG_COMPILER_GLOBAL_ACCENT_COLOR_NAME = AccentColor;
				ASSETCATALOG_COMPILER_WIDGET_BACKGROUND_COLOR_NAME = WidgetBackground;
				CODE_SIGN_STYLE = Automatic;
				CURRENT_PROJECT_VERSION = 1;
				DEVELOPMENT_TEAM = X65YSL5XMT;
				GENERATE_INFOPLIST_FILE = YES;
				INFOPLIST_FILE = "Lockscreen Widgets/Info.plist";
				INFOPLIST_KEY_CFBundleDisplayName = "Lockscreen Widgets";
				INFOPLIST_KEY_NSHumanReadableCopyright = "";
				LD_RUNPATH_SEARCH_PATHS = (
					"$(inherited)",
					"@executable_path/Frameworks",
					"@executable_path/../../Frameworks",
				);
				MARKETING_VERSION = 1.0;
				PRODUCT_BUNDLE_IDENTIFIER = "bogrim.Lockscreen-Widgets.Lockscreen-Widgets";
				PRODUCT_NAME = "$(TARGET_NAME)";
				SKIP_INSTALL = YES;
				SWIFT_EMIT_LOC_STRINGS = YES;
				SWIFT_VERSION = 5.0;
				TARGETED_DEVICE_FAMILY = "1,2";
			};
			name = Release;
		};
/* End XCBuildConfiguration section */

/* Begin XCConfigurationList section */
		6B5DBF812A0E4195006C5164 /* Build configuration list for PBXProject "Lockscreen-Widgets" */ = {
			isa = XCConfigurationList;
			buildConfigurations = (
				6B5DBF922A0E4197006C5164 /* Debug */,
				6B5DBF932A0E4197006C5164 /* Release */,
			);
			defaultConfigurationIsVisible = 0;
			defaultConfigurationName = Release;
		};
		6B5DBF942A0E4197006C5164 /* Build configuration list for PBXNativeTarget "Lockscreen-Widgets" */ = {
			isa = XCConfigurationList;
			buildConfigurations = (
				6B5DBF952A0E4197006C5164 /* Debug */,
				6B5DBF962A0E4197006C5164 /* Release */,
			);
			defaultConfigurationIsVisible = 0;
			defaultConfigurationName = Release;
		};
		6B5DBFB12A0E41E8006C5164 /* Build configuration list for PBXNativeTarget "Lockscreen WidgetsExtension" */ = {
			isa = XCConfigurationList;
			buildConfigurations = (
				6B5DBFB22A0E41E8006C5164 /* Debug */,
				6B5DBFB32A0E41E8006C5164 /* Release */,
			);
			defaultConfigurationIsVisible = 0;
			defaultConfigurationName = Release;
		};
/* End XCConfigurationList section */
	};
	rootObject = 6B5DBF7E2A0E4195006C5164 /* Project object */;
}
